# This file is automatically @generated by Poetry 2.2.1 and should not be changed by hand.

[[package]]
name = "annotated-types"
version = "0.7.0"
description = "Reusable constraint types to use with typing.Annotated"
optional = false
python-versions = ">=3.8"
groups = ["main"]
files = [
    {file = "annotated_types-0.7.0-py3-none-any.whl", hash = "sha256:1f02e8b43a8fbbc3f3e0d4f0f4bfc8131bcb4eebe8849b8e5c773f3a1c582a53"},
    {file = "annotated_types-0.7.0.tar.gz", hash = "sha256:aff07c09a53a08bc8cfccb9c85b05f1aa9a2a6f23728d790723543408344ce89"},
]

[[package]]
name = "anyio"
version = "4.13.0"
description = "High-level concurrency and networking framework on top of asyncio or Trio"
optional = false
python-versions = ">=3.10"
groups = ["main"]
files = [
    {file = "anyio-4.13.0-py3-none-any.whl", hash = "sha256:08b310f9e24a9594186fd75b4f73f4a4152069e3853f1ed8bfbf58369f4ad708"},
    {file = "anyio-4.13.0.tar.gz", hash = "sha256:334b70e641fd2221c1505b3890c69882fe4a2df910cba14d97019b90b24439dc"},
]

[package.dependencies]
exceptiongroup = {version = ">=1.0.2", markers = "python_version < \"3.11\""}
idna = ">=2.8"
typing_extensions = {version = ">=4.5", markers = "python_version < \"3.13\""}

[package.extras]
trio = ["trio (>=0.32.0)"]

[[package]]
name = "backoff"
version = "2.2.1"
description = "Function decoration for backoff and retry"
optional = false
python-versions = ">=3.7,<4.0"
groups = ["main"]
files = [
    {file = "backoff-2.2.1-py3-none-any.whl", hash = "sha256:63579f9a0628e06278f7e47b7d7d5b6ce20dc65c5e96a6f3ca99a6adca0396e8"},
    {file = "backoff-2.2.1.tar.gz", hash = "sha256:03f829f5bb1923180821643f8753b0502c3b682293992485b0eef2807afa5cba"},
]

[[package]]
name = "certifi"
version = "2024.8.30"
description = "Python package for providing Mozilla's CA Bundle."
optional = false
python-versions = ">=3.6"
groups = ["main"]
files = [
    {file = "certifi-2024.8.30-py3-none-any.whl", hash = "sha256:922820b53db7a7257ffbda3f597266d435245903d80737e34f8a45ff3e3230d8"},
    {file = "certifi-2024.8.30.tar.gz", hash = "sha256:bec941d2aa8195e248a60b31ff9f0558284cf01a52591ceda73ea9afffd69fd9"},
]

[[package]]
name = "chrome-bookmarks"
version = "2020.10.25"
description = "Google Chrome bookmarks helper"
optional = false
python-versions = "*"
groups = ["main"]
files = [
    {file = "chrome-bookmarks-2020.10.25.tar.gz", hash = "sha256:7cbe8945224925f2d7c949c8e1ea4a3ceda35856265a233111475a666453fa45"},
]

[[package]]
name = "click"
version = "8.3.1"
description = "Composable command line interface toolkit"
optional = false
python-versions = ">=3.10"
groups = ["main"]
files = [
    {file = "click-8.3.1-py3-none-any.whl", hash = "sha256:981153a64e25f12d547d3426c367a4857371575ee7ad18df2a6183ab0545b2a6"},
    {file = "click-8.3.1.tar.gz", hash = "sha256:12ff4785d337a1bb490bb7e9c2b1ee5da3112e94a8622f26a6c77f5d2fc6842a"},
]

[package.dependencies]
colorama = {version = "*", markers = "platform_system == \"Windows\""}

[[package]]
name = "colorama"
version = "0.4.6"
description = "Cross-platform colored terminal text."
optional = false
python-versions = "!=3.0.*,!=3.1.*,!=3.2.*,!=3.3.*,!=3.4.*,!=3.5.*,!=3.6.*,>=2.7"
groups = ["main"]
markers = "platform_system == \"Windows\""
files = [
    {file = "colorama-0.4.6-py2.py3-none-any.whl", hash = "sha256:4f1d9991f5acc0ca119f9d443620b77f9d6b33703e51011c16baf57afb285fc6"},
    {file = "colorama-0.4.6.tar.gz", hash = "sha256:08695f5cb7ed6e0531a20572697297273c47b8cae5a63ffc6d6ed5c201be6e44"},
]

[[package]]
name = "dataclass-wizard"
version = "0.39.1"
description = "A wizard-like JSON serialization library for Python dataclasses"
optional = false
python-versions = ">=3.9"
groups = ["main"]
files = [
    {file = "dataclass_wizard-0.39.1-py3-none-any.whl", hash = "sha256:3324e59eca705882eb34e2b3989b2beadd8c2b523e6269d4002cf1a4a5bf703b"},
    {file = "dataclass_wizard-0.39.1.tar.gz", hash = "sha256:1679948ed7c62103f40b34df97d03b35e6b2ad50f58173fdbe30074e2e4730f2"},
]

[package.dependencies]
typing-extensions = {version = ">=4.13.0", markers = "python_version <= \"3.12\""}

[package.extras]
all = ["PyYAML (>=6,<7)", "Sphinx (==7.4.7) ; python_version == \"3.9\"", "Sphinx (==8.1.3) ; python_version >= \"3.10\"", "attrs (==25.4.0)", "bump-my-version (==1.2.5)", "coverage (>=6.2)", "dacite (==1.9.2)", "dataclass-factory (==2.16)", "dataclasses-json (==0.6.7)", "flake8 (>=3)", "jsons (==1.6.3)", "mashumaro (==3.17)", "matplotlib", "mypy (>=1.19,<2)", "pydantic (==2.12.5)", "pytest (==8.3.4)", "pytest-benchmark[histogram]", "pytest-cov (==6.0.0)", "pytest-mock (>=3.6.1)", "python-dotenv (>=1,<2)", "pytimeparse (==1.1.8)", "pytimeparse (>=1.1.7)", "sphinx-autodoc-typehints (==2.5.0) ; python_version >= \"3.10\"", "sphinx-copybutton (==0.5.2)", "sphinx-issues (==5.0.0)", "tomli (>=2,<3) ; python_version == \"3.10\"", "tomli (>=2,<3) ; python_version == \"3.9\"", "tomli-w (>=1,<2)", "tox (==4.23.2)", "twine (==6.0.1)", "typing-extensions (>=4.9.0)", "tzdata (>=2024.1) ; platform_system == \"Windows\"", "watchdog[watchmedo] (==6.0.0)", "wheel (==0.45.1)"]
bench = ["attrs (==25.4.0)", "dacite (==1.9.2)", "dataclass-factory (==2.16)", "dataclasses-json (==0.6.7)", "jsons (==1.6.3)", "mashumaro (==3.17)", "matplotlib", "pydantic (==2.12.5)", "pytest-benchmark[histogram]"]
dev = ["Sphinx (==7.4.7) ; python_version == \"3.9\"", "Sphinx (==8.1.3) ; python_version >= \"3.10\"", "bump-my-version (==1.2.5)", "coverage (>=6.2)", "dataclass-wizard[toml]", "flake8 (>=3)", "mypy (>=1.19,<2)", "pip (>=21.3.1)", "python-dotenv (>=1,<2)", "pytimeparse (==1.1.8)", "tomli (>=2,<3) ; python_version == \"3.10\"", "tomli (>=2,<3) ; python_version == \"3.9\"", "tomli-w (>=1,<2)", "tox (==4.23.2)", "twine (==6.0.1)", "tzdata (>=2024.1) ; platform_system == \"Windows\"", "watchdog[watchmedo] (==6.0.0)", "wheel (==0.45.1)"]
docs = ["sphinx-autodoc-typehints (==2.5.0) ; python_version >= \"3.10\"", "sphinx-copybutton (==0.5.2)", "sphinx-issues (==5.0.0)", "typing-extensions (>=4.9.0)"]
dotenv = ["python-dotenv (>=1,<2)"]
test = ["pytest (==8.3.4)", "pytest-cov (==6.0.0)", "pytest-mock (>=3.6.1)", "tzdata (>=2024.1) ; platform_system == \"Windows\""]
timedelta = ["pytimeparse (>=1.1.7)"]
toml = ["tomli (>=2,<3) ; python_version == \"3.10\"", "tomli (>=2,<3) ; python_version == \"3.9\"", "tomli-w (>=1,<2)"]
tz = ["tzdata (>=2024.1)"]
yaml = ["PyYAML (>=6,<7)"]

[[package]]
name = "exceptiongroup"
version = "1.3.1"
description = "Backport of PEP 654 (exception groups)"
optional = false
python-versions = ">=3.7"
groups = ["main"]
markers = "python_version == \"3.10\""
files = [
    {file = "exceptiongroup-1.3.1-py3-none-any.whl", hash = "sha256:a7a39a3bd276781e98394987d3a5701d0c4edffb633bb7a5144577f82c773598"},
    {file = "exceptiongroup-1.3.1.tar.gz", hash = "sha256:8b412432c6055b0b7d14c310000ae93352ed6754f70fa8f7c34141f91c4e3219"},
]

[package.dependencies]
typing-extensions = {version = ">=4.6.0", markers = "python_version < \"3.13\""}

[package.extras]
test = ["pytest (>=6)"]

[[package]]
name = "h11"
version = "0.16.0"
description = "A pure-Python, bring-your-own-I/O implementation of HTTP/1.1"
optional = false
python-versions = ">=3.8"
groups = ["main"]
files = [
    {file = "h11-0.16.0-py3-none-any.whl", hash = "sha256:63cf8bbe7522de3bf65932fda1d9c2772064ffb3dae62d55932da54b31cb6c86"},
    {file = "h11-0.16.0.tar.gz", hash = "sha256:4e35b956cf45792e4caa5885e69fba00bdbc6ffafbfa020300e549b208ee5ff1"},
]

[[package]]
name = "httpcore"
version = "1.0.9"
description = "A minimal low-level HTTP client."
optional = false
python-versions = ">=3.8"
groups = ["main"]
files = [
    {file = "httpcore-1.0.9-py3-none-any.whl", hash = "sha256:2d400746a40668fc9dec9810239072b40b4484b640a8c38fd654a024c7a1bf55"},
    {file = "httpcore-1.0.9.tar.gz", hash = "sha256:6e34463af53fd2ab5d807f399a9b45ea31c3dfa2276f15a2c3f00afff6e176e8"},
]

[package.dependencies]
certifi = "*"
h11 = ">=0.16"

[package.extras]
asyncio = ["anyio (>=4.0,<5.0)"]
http2 = ["h2 (>=3,<5)"]
socks = ["socksio (==1.*)"]
trio = ["trio (>=0.22.0,<1.0)"]

[[package]]
name = "httpx"
version = "0.28.1"
description = "The next generation HTTP client."
optional = false
python-versions = ">=3.8"
groups = ["main"]
files = [
    {file = "httpx-0.28.1-py3-none-any.whl", hash = "sha256:d909fcccc110f8c7faf814ca82a9a4d816bc5a6dbfea25d6591d6985b8ba59ad"},
    {file = "httpx-0.28.1.tar.gz", hash = "sha256:75e98c5f16b0f35b567856f597f06ff2270a374470a5c2392242528e3e3e42fc"},
]

[package.dependencies]
anyio = "*"
certifi = "*"
httpcore = "==1.*"
idna = "*"

[package.extras]
brotli = ["brotli ; platform_python_implementation == \"CPython\"", "brotlicffi ; platform_python_implementation != \"CPython\""]
cli = ["click (==8.*)", "pygments (==2.*)", "rich (>=10,<14)"]
http2 = ["h2 (>=3,<5)"]
socks = ["socksio (==1.*)"]
zstd = ["zstandard (>=0.18.0)"]

[[package]]
name = "idna"
version = "3.9"
description = "Internationalized Domain Names in Applications (IDNA)"
optional = false
python-versions = ">=3.6"
groups = ["main"]
files = [
    {file = "idna-3.9-py3-none-any.whl", hash = "sha256:69297d5da0cc9281c77efffb4e730254dd45943f45bbfb461de5991713989b1e"},
    {file = "idna-3.9.tar.gz", hash = "sha256:e5c5dafde284f26e9e0f28f6ea2d6400abd5ca099864a67f576f3981c6476124"},
]

[package.extras]
all = ["flake8 (>=7.1.1)", "mypy (>=1.11.2)", "pytest (>=8.3.2)", "ruff (>=0.6.2)"]

[[package]]
name = "pyobjc-core"
version = "12.1"
description = "Python<->ObjC Interoperability Module"
optional = false
python-versions = ">=3.10"
groups = ["main"]
files = [
    {file = "pyobjc_core-12.1-cp310-cp310-macosx_10_9_universal2.whl", hash = "sha256:93418e79c1655f66b4352168f8c85c942707cb1d3ea13a1da3e6f6a143bacda7"},
    {file = "pyobjc_core-12.1-cp311-cp311-macosx_10_9_universal2.whl", hash = "sha256:c918ebca280925e7fcb14c5c43ce12dcb9574a33cccb889be7c8c17f3bcce8b6"},
    {file = "pyobjc_core-12.1-cp312-cp312-macosx_10_13_universal2.whl", hash = "sha256:818bcc6723561f207e5b5453efe9703f34bc8781d11ce9b8be286bb415eb4962"},
    {file = "pyobjc_core-12.1-cp313-cp313-macosx_10_13_universal2.whl", hash = "sha256:01c0cf500596f03e21c23aef9b5f326b9fb1f8f118cf0d8b66749b6cf4cbb37a"},
    {file = "pyobjc_core-12.1-cp313-cp313t-macosx_10_13_universal2.whl", hash = "sha256:177aaca84bb369a483e4961186704f64b2697708046745f8167e818d968c88fc"},
    {file = "pyobjc_core-12.1-cp314-cp314-macosx_10_15_universal2.whl", hash = "sha256:844515f5d86395b979d02152576e7dee9cc679acc0b32dc626ef5bda315eaa43"},
    {file = "pyobjc_core-12.1-cp314-cp314t-macosx_10_15_universal2.whl", hash = "sha256:453b191df1a4b80e756445b935491b974714456ae2cbae816840bd96f86db882"},
    {file = "pyobjc_core-12.1.tar.gz", hash = "sha256:2bb3903f5387f72422145e1466b3ac3f7f0ef2e9960afa9bcd8961c5cbf8bd21"},
]

[[package]]
name = "pyobjc-framework-cocoa"
version = "12.1"
description = "Wrappers for the Cocoa frameworks on macOS"
optional = false
python-versions = ">=3.10"
groups = ["main"]
files = [
    {file = "pyobjc_framework_cocoa-12.1-cp310-cp310-macosx_10_9_universal2.whl", hash = "sha256:9b880d3bdcd102809d704b6d8e14e31611443aa892d9f60e8491e457182fdd48"},
    {file = "pyobjc_framework_cocoa-12.1-cp311-cp311-macosx_10_9_universal2.whl", hash = "sha256:f52228bcf38da64b77328787967d464e28b981492b33a7675585141e1b0a01e6"},
    {file = "pyobjc_framework_cocoa-12.1-cp312-cp312-macosx_10_13_universal2.whl", hash = "sha256:547c182837214b7ec4796dac5aee3aa25abc665757b75d7f44f83c994bcb0858"},
    {file = "pyobjc_framework_cocoa-12.1-cp313-cp313-macosx_10_13_universal2.whl", hash = "sha256:5a3dcd491cacc2f5a197142b3c556d8aafa3963011110102a093349017705118"},
    {file = "pyobjc_framework_cocoa-12.1-cp313-cp313t-macosx_10_13_universal2.whl", hash = "sha256:914b74328c22d8ca261d78c23ef2befc29776e0b85555973927b338c5734ca44"},
    {file = "pyobjc_framework_cocoa-12.1-cp314-cp314-macosx_10_15_universal2.whl", hash = "sha256:03342a60fc0015bcdf9b93ac0b4f457d3938e9ef761b28df9564c91a14f0129a"},
    {file = "pyobjc_framework_cocoa-12.1-cp314-cp314t-macosx_10_15_universal2.whl", hash = "sha256:6ba1dc1bfa4da42d04e93d2363491275fb2e2be5c20790e561c8a9e09b8cf2cc"},
    {file = "pyobjc_framework_cocoa-12.1.tar.gz", hash = "sha256:5556c87db95711b985d5efdaaf01c917ddd41d148b1e52a0c66b1a2e2c5c1640"},
]

[package.dependencies]
pyobjc-core = ">=12.1"

[[package]]
name = "pyobjc-framework-scriptingbridge"
version = "12.1"
description = "Wrappers for the framework ScriptingBridge on macOS"
optional = false
python-versions = ">=3.10"
groups = ["main"]
files = [
    {file = "pyobjc_framework_scriptingbridge-12.1-cp310-cp310-macosx_10_9_universal2.whl", hash = "sha256:97acd79168892ba457bc472214851f4e4a2d40a8aae106fb07cc94417e1fc681"},
    {file = "pyobjc_framework_scriptingbridge-12.1-cp311-cp311-macosx_10_9_universal2.whl", hash = "sha256:e6e37e69760d6ac9d813decf135d107760d33e1cdf7335016522235607f6f31b"},
    {file = "pyobjc_framework_scriptingbridge-12.1-cp312-cp312-macosx_10_13_universal2.whl", hash = "sha256:8083cd68c559c55a3787b2e74fc983c8665e5078571475aaeabf4f34add36b62"},
    {file = "pyobjc_framework_scriptingbridge-12.1-cp313-cp313-macosx_10_13_universal2.whl", hash = "sha256:bddbd3a13bfaeaa38ab66e44f10446d5bc7d1110dbc02e59b80bcd9c3a60548a"},
    {file = "pyobjc_framework_scriptingbridge-12.1-cp313-cp313t-macosx_10_13_universal2.whl", hash = "sha256:148191010b4e10c3938cdb2dcecad43fa0884cefb5a78499a21bdaf5a78318b3"},
    {file = "pyobjc_framework_scriptingbridge-12.1-cp314-cp314-macosx_10_15_universal2.whl", hash = "sha256:48f4bc33b2cab6634f58f37549096bda9ec7d3ec664b4b40e7d3248d9f481f69"},
    {file = "pyobjc_framework_scriptingbridge-12.1-cp314-cp314t-macosx_10_15_universal2.whl", hash = "sha256:81bf8b19cd7fd1db055530007bc724901fd61160823324ec2df0daa8e25b94f7"},
    {file = "pyobjc_framework_scriptingbridge-12.1.tar.gz", hash = "sha256:0e90f866a7e6a8aeaf723d04c826657dd528c8c1b91e7a605f8bb947c74ad082"},
]

[package.dependencies]
pyobjc-core = ">=12.1"
pyobjc-framework-Cocoa = ">=12.1"

[[package]]
name = "todoist-api-python"
version = "4.0.0"
description = "Official Python SDK for the Todoist API."
optional = false
python-versions = "<4,>=3.10"
groups = ["main"]
files = [
    {file = "todoist_api_python-4.0.0-py3-none-any.whl", hash = "sha256:6b435f5fbf48da2faf7cb846a0de3b6719a33461958512d2adb4546494c195de"},
    {file = "todoist_api_python-4.0.0.tar.gz", hash = "sha256:2e8acbaa4ea7aae05a640bd24690ca020ef8044610b0dcf4df85b8a788a43872"},
]

[package.dependencies]
annotated-types = "*"
dataclass-wizard = ">=0.35.4,<1.0"
httpx = ">=0.28.1,<1"

[[package]]
name = "typing-extensions"
version = "4.13.2"
description = "Backported and Experimental Type Hints for Python 3.8+"
optional = false
python-versions = ">=3.8"
groups = ["main"]
markers = "python_version < \"3.13\""
files = [
    {file = "typing_extensions-4.13.2-py3-none-any.whl", hash = "sha256:a439e7c04b49fec3e5d3e2beaa21755cadbbdc391694e28ccdd36ca4a1408f8c"},
    {file = "typing_extensions-4.13.2.tar.gz", hash = "sha256:e6c81219bd689f51865d9e372991c540bda33a0379d5573cddb9a3a23f7caaef"},
]

[metadata]
lock-version = "2.1"
python-versions = "^3.10"
content-hash = "00f3895b48a6a790d336fd727b2b1e53d0e2d8c9fc5f5e0830a27a5865884eb3"
